
Microsoft Visual Studio Solution File, Format Version 12.00
# Visual Studio 14
VisualStudioVersion = 14.0.25123.0
MinimumVisualStudioVersion = 10.0.40219.1
Project("{F184B08F-C81C-45F6-A57F-5ABD9991F28F}") = "QuickTest", "QuickTest\QuickTest.vbproj", "{903082F3-8012-4613-A8AC-2D3A956A67AE}"
EndProject
Project("{F184B08F-C81C-45F6-A57F-5ABD9991F28F}") = "BusinessTablet360", "BusinessTablet360\BusinessTablet360.vbproj", "{0963366A-7F33-447C-91CE-8CA85A93BE56}"
EndProject
Project("{F184B08F-C81C-45F6-A57F-5ABD9991F28F}") = "KnowledgeUtils", "KnowledgeUtils\KnowledgeUtils\KnowledgeUtils.vbproj", "{7D43F596-B917-42BF-8FCE-35B9A61717EF}"
EndProject
Project("{2150E333-8FDC-42A3-9474-1A3956D46DE8}") = ".nuget", ".nuget", "{8489E2A3-A2CC-45ED-A21A-03DB4B3EC4E1}"
	ProjectSection(SolutionItems) = preProject
		.nuget\packages.config = .nuget\packages.config
	EndProjectSection
EndProject
Project("{F184B08F-C81C-45F6-A57F-5ABD9991F28F}") = "QuickTestGenUserData", "QuickTestGenUserData\QuickTestGenUserData.vbproj", "{98A5205C-1047-43BC-8D8F-9277709CA9A2}"
EndProject
Global
	GlobalSection(SolutionConfigurationPlatforms) = preSolution
		Debug|Any CPU = Debug|Any CPU
		Debug|Mixed Platforms = Debug|Mixed Platforms
		Debug|x64 = Debug|x64
		Debug|x86 = Debug|x86
		ProductionAzureMaxONET|Any CPU = ProductionAzureMaxONET|Any CPU
		ProductionAzureMaxONET|Mixed Platforms = ProductionAzureMaxONET|Mixed Platforms
		ProductionAzureMaxONET|x64 = ProductionAzureMaxONET|x64
		ProductionAzureMaxONET|x86 = ProductionAzureMaxONET|x86
		PRODUCTION-release|Any CPU = PRODUCTION-release|Any CPU
		PRODUCTION-release|Mixed Platforms = PRODUCTION-release|Mixed Platforms
		PRODUCTION-release|x64 = PRODUCTION-release|x64
		PRODUCTION-release|x86 = PRODUCTION-release|x86
		QC-release|Any CPU = QC-release|Any CPU
		QC-release|Mixed Platforms = QC-release|Mixed Platforms
		QC-release|x64 = QC-release|x64
		QC-release|x86 = QC-release|x86
		Release|Any CPU = Release|Any CPU
		Release|Mixed Platforms = Release|Mixed Platforms
		Release|x64 = Release|x64
		Release|x86 = Release|x86
		TestIE|Any CPU = TestIE|Any CPU
		TestIE|Mixed Platforms = TestIE|Mixed Platforms
		TestIE|x64 = TestIE|x64
		TestIE|x86 = TestIE|x86
	EndGlobalSection
	GlobalSection(ProjectConfigurationPlatforms) = postSolution
		{903082F3-8012-4613-A8AC-2D3A956A67AE}.Debug|Any CPU.ActiveCfg = Debug|Any CPU
		{903082F3-8012-4613-A8AC-2D3A956A67AE}.Debug|Any CPU.Build.0 = Debug|Any CPU
		{903082F3-8012-4613-A8AC-2D3A956A67AE}.Debug|Mixed Platforms.ActiveCfg = Debug|Any CPU
		{903082F3-8012-4613-A8AC-2D3A956A67AE}.Debug|Mixed Platforms.Build.0 = Debug|Any CPU
		{903082F3-8012-4613-A8AC-2D3A956A67AE}.Debug|x64.ActiveCfg = Debug|x64
		{903082F3-8012-4613-A8AC-2D3A956A67AE}.Debug|x64.Build.0 = Debug|x64
		{903082F3-8012-4613-A8AC-2D3A956A67AE}.Debug|x86.ActiveCfg = Debug|Any CPU
		{903082F3-8012-4613-A8AC-2D3A956A67AE}.ProductionAzureMaxONET|Any CPU.ActiveCfg = ProductionAzureMaxONET|Any CPU
		{903082F3-8012-4613-A8AC-2D3A956A67AE}.ProductionAzureMaxONET|Any CPU.Build.0 = ProductionAzureMaxONET|Any CPU
		{903082F3-8012-4613-A8AC-2D3A956A67AE}.ProductionAzureMaxONET|Mixed Platforms.ActiveCfg = ProductionAzureMaxONET|Any CPU
		{903082F3-8012-4613-A8AC-2D3A956A67AE}.ProductionAzureMaxONET|Mixed Platforms.Build.0 = ProductionAzureMaxONET|Any CPU
		{903082F3-8012-4613-A8AC-2D3A956A67AE}.ProductionAzureMaxONET|x64.ActiveCfg = ProductionAzureMaxONET|x64
		{903082F3-8012-4613-A8AC-2D3A956A67AE}.ProductionAzureMaxONET|x64.Build.0 = ProductionAzureMaxONET|x64
		{903082F3-8012-4613-A8AC-2D3A956A67AE}.ProductionAzureMaxONET|x86.ActiveCfg = ProductionAzureMaxONET|Any CPU
		{903082F3-8012-4613-A8AC-2D3A956A67AE}.ProductionAzureMaxONET|x86.Build.0 = ProductionAzureMaxONET|Any CPU
		{903082F3-8012-4613-A8AC-2D3A956A67AE}.PRODUCTION-release|Any CPU.ActiveCfg = PRODUCTION-release|Any CPU
		{903082F3-8012-4613-A8AC-2D3A956A67AE}.PRODUCTION-release|Any CPU.Build.0 = PRODUCTION-release|Any CPU
		{903082F3-8012-4613-A8AC-2D3A956A67AE}.PRODUCTION-release|Mixed Platforms.ActiveCfg = PRODUCTION-release|Any CPU
		{903082F3-8012-4613-A8AC-2D3A956A67AE}.PRODUCTION-release|Mixed Platforms.Build.0 = PRODUCTION-release|Any CPU
		{903082F3-8012-4613-A8AC-2D3A956A67AE}.PRODUCTION-release|x64.ActiveCfg = PRODUCTION-release|x64
		{903082F3-8012-4613-A8AC-2D3A956A67AE}.PRODUCTION-release|x64.Build.0 = PRODUCTION-release|x64
		{903082F3-8012-4613-A8AC-2D3A956A67AE}.PRODUCTION-release|x86.ActiveCfg = PRODUCTION-release|Any CPU
		{903082F3-8012-4613-A8AC-2D3A956A67AE}.QC-release|Any CPU.ActiveCfg = QC-release|Any CPU
		{903082F3-8012-4613-A8AC-2D3A956A67AE}.QC-release|Any CPU.Build.0 = QC-release|Any CPU
		{903082F3-8012-4613-A8AC-2D3A956A67AE}.QC-release|Mixed Platforms.ActiveCfg = QC-release|Any CPU
		{903082F3-8012-4613-A8AC-2D3A956A67AE}.QC-release|Mixed Platforms.Build.0 = QC-release|Any CPU
		{903082F3-8012-4613-A8AC-2D3A956A67AE}.QC-release|x64.ActiveCfg = QC-release|x64
		{903082F3-8012-4613-A8AC-2D3A956A67AE}.QC-release|x64.Build.0 = QC-release|x64
		{903082F3-8012-4613-A8AC-2D3A956A67AE}.QC-release|x86.ActiveCfg = QC-release|Any CPU
		{903082F3-8012-4613-A8AC-2D3A956A67AE}.Release|Any CPU.ActiveCfg = Release|Any CPU
		{903082F3-8012-4613-A8AC-2D3A956A67AE}.Release|Any CPU.Build.0 = Release|Any CPU
		{903082F3-8012-4613-A8AC-2D3A956A67AE}.Release|Mixed Platforms.ActiveCfg = Release|Any CPU
		{903082F3-8012-4613-A8AC-2D3A956A67AE}.Release|Mixed Platforms.Build.0 = Release|Any CPU
		{903082F3-8012-4613-A8AC-2D3A956A67AE}.Release|x64.ActiveCfg = Release|x64
		{903082F3-8012-4613-A8AC-2D3A956A67AE}.Release|x64.Build.0 = Release|x64
		{903082F3-8012-4613-A8AC-2D3A956A67AE}.Release|x86.ActiveCfg = Release|Any CPU
		{903082F3-8012-4613-A8AC-2D3A956A67AE}.TestIE|Any CPU.ActiveCfg = Debug|Any CPU
		{903082F3-8012-4613-A8AC-2D3A956A67AE}.TestIE|Any CPU.Build.0 = Debug|Any CPU
		{903082F3-8012-4613-A8AC-2D3A956A67AE}.TestIE|Mixed Platforms.ActiveCfg = TestIE|Any CPU
		{903082F3-8012-4613-A8AC-2D3A956A67AE}.TestIE|Mixed Platforms.Build.0 = TestIE|Any CPU
		{903082F3-8012-4613-A8AC-2D3A956A67AE}.TestIE|x64.ActiveCfg = TestIE|x64
		{903082F3-8012-4613-A8AC-2D3A956A67AE}.TestIE|x64.Build.0 = TestIE|x64
		{903082F3-8012-4613-A8AC-2D3A956A67AE}.TestIE|x86.ActiveCfg = TestIE|Any CPU
		{0963366A-7F33-447C-91CE-8CA85A93BE56}.Debug|Any CPU.ActiveCfg = Debug|Any CPU
		{0963366A-7F33-447C-91CE-8CA85A93BE56}.Debug|Any CPU.Build.0 = Debug|Any CPU
		{0963366A-7F33-447C-91CE-8CA85A93BE56}.Debug|Mixed Platforms.ActiveCfg = Debug|Any CPU
		{0963366A-7F33-447C-91CE-8CA85A93BE56}.Debug|Mixed Platforms.Build.0 = Debug|Any CPU
		{0963366A-7F33-447C-91CE-8CA85A93BE56}.Debug|x64.ActiveCfg = Debug|x64
		{0963366A-7F33-447C-91CE-8CA85A93BE56}.Debug|x64.Build.0 = Debug|x64
		{0963366A-7F33-447C-91CE-8CA85A93BE56}.Debug|x86.ActiveCfg = Debug|Any CPU
		{0963366A-7F33-447C-91CE-8CA85A93BE56}.ProductionAzureMaxONET|Any CPU.ActiveCfg = ProductionAzureMaxONET|Any CPU
		{0963366A-7F33-447C-91CE-8CA85A93BE56}.ProductionAzureMaxONET|Any CPU.Build.0 = ProductionAzureMaxONET|Any CPU
		{0963366A-7F33-447C-91CE-8CA85A93BE56}.ProductionAzureMaxONET|Mixed Platforms.ActiveCfg = ProductionAzureMaxONET|Any CPU
		{0963366A-7F33-447C-91CE-8CA85A93BE56}.ProductionAzureMaxONET|Mixed Platforms.Build.0 = ProductionAzureMaxONET|Any CPU
		{0963366A-7F33-447C-91CE-8CA85A93BE56}.ProductionAzureMaxONET|x64.ActiveCfg = ProductionAzureMaxONET|x64
		{0963366A-7F33-447C-91CE-8CA85A93BE56}.ProductionAzureMaxONET|x64.Build.0 = ProductionAzureMaxONET|x64
		{0963366A-7F33-447C-91CE-8CA85A93BE56}.ProductionAzureMaxONET|x86.ActiveCfg = ProductionAzureMaxONET|Any CPU
		{0963366A-7F33-447C-91CE-8CA85A93BE56}.ProductionAzureMaxONET|x86.Build.0 = ProductionAzureMaxONET|Any CPU
		{0963366A-7F33-447C-91CE-8CA85A93BE56}.PRODUCTION-release|Any CPU.ActiveCfg = PRODUCTION-release|Any CPU
		{0963366A-7F33-447C-91CE-8CA85A93BE56}.PRODUCTION-release|Any CPU.Build.0 = PRODUCTION-release|Any CPU
		{0963366A-7F33-447C-91CE-8CA85A93BE56}.PRODUCTION-release|Mixed Platforms.ActiveCfg = PRODUCTION-release|Any CPU
		{0963366A-7F33-447C-91CE-8CA85A93BE56}.PRODUCTION-release|Mixed Platforms.Build.0 = PRODUCTION-release|Any CPU
		{0963366A-7F33-447C-91CE-8CA85A93BE56}.PRODUCTION-release|x64.ActiveCfg = PRODUCTION-release|x64
		{0963366A-7F33-447C-91CE-8CA85A93BE56}.PRODUCTION-release|x64.Build.0 = PRODUCTION-release|x64
		{0963366A-7F33-447C-91CE-8CA85A93BE56}.PRODUCTION-release|x86.ActiveCfg = PRODUCTION-release|Any CPU
		{0963366A-7F33-447C-91CE-8CA85A93BE56}.QC-release|Any CPU.ActiveCfg = QC-release|Any CPU
		{0963366A-7F33-447C-91CE-8CA85A93BE56}.QC-release|Any CPU.Build.0 = QC-release|Any CPU
		{0963366A-7F33-447C-91CE-8CA85A93BE56}.QC-release|Mixed Platforms.ActiveCfg = QC-release|Any CPU
		{0963366A-7F33-447C-91CE-8CA85A93BE56}.QC-release|Mixed Platforms.Build.0 = QC-release|Any CPU
		{0963366A-7F33-447C-91CE-8CA85A93BE56}.QC-release|x64.ActiveCfg = QC-release|x64
		{0963366A-7F33-447C-91CE-8CA85A93BE56}.QC-release|x64.Build.0 = QC-release|x64
		{0963366A-7F33-447C-91CE-8CA85A93BE56}.QC-release|x86.ActiveCfg = QC-release|Any CPU
		{0963366A-7F33-447C-91CE-8CA85A93BE56}.Release|Any CPU.ActiveCfg = QC-release|Any CPU
		{0963366A-7F33-447C-91CE-8CA85A93BE56}.Release|Any CPU.Build.0 = QC-release|Any CPU
		{0963366A-7F33-447C-91CE-8CA85A93BE56}.Release|Mixed Platforms.ActiveCfg = QC-release|Any CPU
		{0963366A-7F33-447C-91CE-8CA85A93BE56}.Release|Mixed Platforms.Build.0 = QC-release|Any CPU
		{0963366A-7F33-447C-91CE-8CA85A93BE56}.Release|x64.ActiveCfg = ProdMaxonetAZ|x64
		{0963366A-7F33-447C-91CE-8CA85A93BE56}.Release|x64.Build.0 = ProdMaxonetAZ|x64
		{0963366A-7F33-447C-91CE-8CA85A93BE56}.Release|x86.ActiveCfg = QC-release|Any CPU
		{0963366A-7F33-447C-91CE-8CA85A93BE56}.TestIE|Any CPU.ActiveCfg = Debug|Any CPU
		{0963366A-7F33-447C-91CE-8CA85A93BE56}.TestIE|Any CPU.Build.0 = Debug|Any CPU
		{0963366A-7F33-447C-91CE-8CA85A93BE56}.TestIE|Mixed Platforms.ActiveCfg = QC-release|Any CPU
		{0963366A-7F33-447C-91CE-8CA85A93BE56}.TestIE|Mixed Platforms.Build.0 = QC-release|Any CPU
		{0963366A-7F33-447C-91CE-8CA85A93BE56}.TestIE|x64.ActiveCfg = ProdMaxonetAZ|x64
		{0963366A-7F33-447C-91CE-8CA85A93BE56}.TestIE|x64.Build.0 = ProdMaxonetAZ|x64
		{0963366A-7F33-447C-91CE-8CA85A93BE56}.TestIE|x86.ActiveCfg = QC-release|Any CPU
		{7D43F596-B917-42BF-8FCE-35B9A61717EF}.Debug|Any CPU.ActiveCfg = Debug|Any CPU
		{7D43F596-B917-42BF-8FCE-35B9A61717EF}.Debug|Any CPU.Build.0 = Debug|Any CPU
		{7D43F596-B917-42BF-8FCE-35B9A61717EF}.Debug|Mixed Platforms.ActiveCfg = Debug|Any CPU
		{7D43F596-B917-42BF-8FCE-35B9A61717EF}.Debug|Mixed Platforms.Build.0 = Debug|Any CPU
		{7D43F596-B917-42BF-8FCE-35B9A61717EF}.Debug|x64.ActiveCfg = Debug|x64
		{7D43F596-B917-42BF-8FCE-35B9A61717EF}.Debug|x64.Build.0 = Debug|x64
		{7D43F596-B917-42BF-8FCE-35B9A61717EF}.Debug|x86.ActiveCfg = Debug|Any CPU
		{7D43F596-B917-42BF-8FCE-35B9A61717EF}.ProductionAzureMaxONET|Any CPU.ActiveCfg = ProductionAzureMaxONET|Any CPU
		{7D43F596-B917-42BF-8FCE-35B9A61717EF}.ProductionAzureMaxONET|Any CPU.Build.0 = ProductionAzureMaxONET|Any CPU
		{7D43F596-B917-42BF-8FCE-35B9A61717EF}.ProductionAzureMaxONET|Mixed Platforms.ActiveCfg = ProductionAzureMaxONET|Any CPU
		{7D43F596-B917-42BF-8FCE-35B9A61717EF}.ProductionAzureMaxONET|Mixed Platforms.Build.0 = ProductionAzureMaxONET|Any CPU
		{7D43F596-B917-42BF-8FCE-35B9A61717EF}.ProductionAzureMaxONET|x64.ActiveCfg = ProductionAzureMaxONET|x64
		{7D43F596-B917-42BF-8FCE-35B9A61717EF}.ProductionAzureMaxONET|x64.Build.0 = ProductionAzureMaxONET|x64
		{7D43F596-B917-42BF-8FCE-35B9A61717EF}.ProductionAzureMaxONET|x86.ActiveCfg = ProductionAzureMaxONET|Any CPU
		{7D43F596-B917-42BF-8FCE-35B9A61717EF}.ProductionAzureMaxONET|x86.Build.0 = ProductionAzureMaxONET|Any CPU
		{7D43F596-B917-42BF-8FCE-35B9A61717EF}.PRODUCTION-release|Any CPU.ActiveCfg = PRODUCTION-release|Any CPU
		{7D43F596-B917-42BF-8FCE-35B9A61717EF}.PRODUCTION-release|Any CPU.Build.0 = PRODUCTION-release|Any CPU
		{7D43F596-B917-42BF-8FCE-35B9A61717EF}.PRODUCTION-release|Mixed Platforms.ActiveCfg = PRODUCTION-release|Any CPU
		{7D43F596-B917-42BF-8FCE-35B9A61717EF}.PRODUCTION-release|Mixed Platforms.Build.0 = PRODUCTION-release|Any CPU
		{7D43F596-B917-42BF-8FCE-35B9A61717EF}.PRODUCTION-release|x64.ActiveCfg = PRODUCTION-release|x64
		{7D43F596-B917-42BF-8FCE-35B9A61717EF}.PRODUCTION-release|x64.Build.0 = PRODUCTION-release|x64
		{7D43F596-B917-42BF-8FCE-35B9A61717EF}.PRODUCTION-release|x86.ActiveCfg = PRODUCTION-release|Any CPU
		{7D43F596-B917-42BF-8FCE-35B9A61717EF}.QC-release|Any CPU.ActiveCfg = QC-release|Any CPU
		{7D43F596-B917-42BF-8FCE-35B9A61717EF}.QC-release|Any CPU.Build.0 = QC-release|Any CPU
		{7D43F596-B917-42BF-8FCE-35B9A61717EF}.QC-release|Mixed Platforms.ActiveCfg = QC-release|Any CPU
		{7D43F596-B917-42BF-8FCE-35B9A61717EF}.QC-release|Mixed Platforms.Build.0 = QC-release|Any CPU
		{7D43F596-B917-42BF-8FCE-35B9A61717EF}.QC-release|x64.ActiveCfg = QC-release|x64
		{7D43F596-B917-42BF-8FCE-35B9A61717EF}.QC-release|x64.Build.0 = QC-release|x64
		{7D43F596-B917-42BF-8FCE-35B9A61717EF}.QC-release|x86.ActiveCfg = QC-release|Any CPU
		{7D43F596-B917-42BF-8FCE-35B9A61717EF}.Release|Any CPU.ActiveCfg = QC-release|Any CPU
		{7D43F596-B917-42BF-8FCE-35B9A61717EF}.Release|Any CPU.Build.0 = QC-release|Any CPU
		{7D43F596-B917-42BF-8FCE-35B9A61717EF}.Release|Mixed Platforms.ActiveCfg = QC-release|Any CPU
		{7D43F596-B917-42BF-8FCE-35B9A61717EF}.Release|Mixed Platforms.Build.0 = QC-release|Any CPU
		{7D43F596-B917-42BF-8FCE-35B9A61717EF}.Release|x64.ActiveCfg = ProdMaxonetAZ|x64
		{7D43F596-B917-42BF-8FCE-35B9A61717EF}.Release|x64.Build.0 = ProdMaxonetAZ|x64
		{7D43F596-B917-42BF-8FCE-35B9A61717EF}.Release|x86.ActiveCfg = QC-release|Any CPU
		{7D43F596-B917-42BF-8FCE-35B9A61717EF}.TestIE|Any CPU.ActiveCfg = Debug|Any CPU
		{7D43F596-B917-42BF-8FCE-35B9A61717EF}.TestIE|Any CPU.Build.0 = Debug|Any CPU
		{7D43F596-B917-42BF-8FCE-35B9A61717EF}.TestIE|Mixed Platforms.ActiveCfg = QC-release|Any CPU
		{7D43F596-B917-42BF-8FCE-35B9A61717EF}.TestIE|Mixed Platforms.Build.0 = QC-release|Any CPU
		{7D43F596-B917-42BF-8FCE-35B9A61717EF}.TestIE|x64.ActiveCfg = ProdMaxonetAZ|x64
		{7D43F596-B917-42BF-8FCE-35B9A61717EF}.TestIE|x64.Build.0 = ProdMaxonetAZ|x64
		{7D43F596-B917-42BF-8FCE-35B9A61717EF}.TestIE|x86.ActiveCfg = QC-release|Any CPU
		{98A5205C-1047-43BC-8D8F-9277709CA9A2}.Debug|Any CPU.ActiveCfg = Debug|Any CPU
		{98A5205C-1047-43BC-8D8F-9277709CA9A2}.Debug|Any CPU.Build.0 = Debug|Any CPU
		{98A5205C-1047-43BC-8D8F-9277709CA9A2}.Debug|Mixed Platforms.ActiveCfg = Debug|Any CPU
		{98A5205C-1047-43BC-8D8F-9277709CA9A2}.Debug|Mixed Platforms.Build.0 = Debug|Any CPU
		{98A5205C-1047-43BC-8D8F-9277709CA9A2}.Debug|x64.ActiveCfg = Debug|x64
		{98A5205C-1047-43BC-8D8F-9277709CA9A2}.Debug|x64.Build.0 = Debug|x64
		{98A5205C-1047-43BC-8D8F-9277709CA9A2}.Debug|x86.ActiveCfg = Debug|Any CPU
		{98A5205C-1047-43BC-8D8F-9277709CA9A2}.ProductionAzureMaxONET|Any CPU.ActiveCfg = ProductionAzureMaxONET|Any CPU
		{98A5205C-1047-43BC-8D8F-9277709CA9A2}.ProductionAzureMaxONET|Any CPU.Build.0 = ProductionAzureMaxONET|Any CPU
		{98A5205C-1047-43BC-8D8F-9277709CA9A2}.ProductionAzureMaxONET|Mixed Platforms.ActiveCfg = ProductionAzureMaxONET|Any CPU
		{98A5205C-1047-43BC-8D8F-9277709CA9A2}.ProductionAzureMaxONET|Mixed Platforms.Build.0 = ProductionAzureMaxONET|Any CPU
		{98A5205C-1047-43BC-8D8F-9277709CA9A2}.ProductionAzureMaxONET|x64.ActiveCfg = ProductionAzureMaxONET|x64
		{98A5205C-1047-43BC-8D8F-9277709CA9A2}.ProductionAzureMaxONET|x64.Build.0 = ProductionAzureMaxONET|x64
		{98A5205C-1047-43BC-8D8F-9277709CA9A2}.ProductionAzureMaxONET|x86.ActiveCfg = ProductionAzureMaxONET|Any CPU
		{98A5205C-1047-43BC-8D8F-9277709CA9A2}.PRODUCTION-release|Any CPU.ActiveCfg = PRODUCTION-release|Any CPU
		{98A5205C-1047-43BC-8D8F-9277709CA9A2}.PRODUCTION-release|Any CPU.Build.0 = PRODUCTION-release|Any CPU
		{98A5205C-1047-43BC-8D8F-9277709CA9A2}.PRODUCTION-release|Mixed Platforms.ActiveCfg = PRODUCTION-release|Any CPU
		{98A5205C-1047-43BC-8D8F-9277709CA9A2}.PRODUCTION-release|Mixed Platforms.Build.0 = PRODUCTION-release|Any CPU
		{98A5205C-1047-43BC-8D8F-9277709CA9A2}.PRODUCTION-release|x64.ActiveCfg = PRODUCTION-release|x64
		{98A5205C-1047-43BC-8D8F-9277709CA9A2}.PRODUCTION-release|x64.Build.0 = PRODUCTION-release|x64
		{98A5205C-1047-43BC-8D8F-9277709CA9A2}.PRODUCTION-release|x86.ActiveCfg = PRODUCTION-release|Any CPU
		{98A5205C-1047-43BC-8D8F-9277709CA9A2}.QC-release|Any CPU.ActiveCfg = QC-release|Any CPU
		{98A5205C-1047-43BC-8D8F-9277709CA9A2}.QC-release|Any CPU.Build.0 = QC-release|Any CPU
		{98A5205C-1047-43BC-8D8F-9277709CA9A2}.QC-release|Mixed Platforms.ActiveCfg = QC-release|Any CPU
		{98A5205C-1047-43BC-8D8F-9277709CA9A2}.QC-release|Mixed Platforms.Build.0 = QC-release|Any CPU
		{98A5205C-1047-43BC-8D8F-9277709CA9A2}.QC-release|x64.ActiveCfg = QC-release|x64
		{98A5205C-1047-43BC-8D8F-9277709CA9A2}.QC-release|x64.Build.0 = QC-release|x64
		{98A5205C-1047-43BC-8D8F-9277709CA9A2}.QC-release|x86.ActiveCfg = QC-release|Any CPU
		{98A5205C-1047-43BC-8D8F-9277709CA9A2}.Release|Any CPU.ActiveCfg = Release|Any CPU
		{98A5205C-1047-43BC-8D8F-9277709CA9A2}.Release|Any CPU.Build.0 = Release|Any CPU
		{98A5205C-1047-43BC-8D8F-9277709CA9A2}.Release|Mixed Platforms.ActiveCfg = Release|Any CPU
		{98A5205C-1047-43BC-8D8F-9277709CA9A2}.Release|Mixed Platforms.Build.0 = Release|Any CPU
		{98A5205C-1047-43BC-8D8F-9277709CA9A2}.Release|x64.ActiveCfg = Release|x64
		{98A5205C-1047-43BC-8D8F-9277709CA9A2}.Release|x64.Build.0 = Release|x64
		{98A5205C-1047-43BC-8D8F-9277709CA9A2}.Release|x86.ActiveCfg = Release|Any CPU
		{98A5205C-1047-43BC-8D8F-9277709CA9A2}.TestIE|Any CPU.ActiveCfg = Release|Any CPU
		{98A5205C-1047-43BC-8D8F-9277709CA9A2}.TestIE|Any CPU.Build.0 = Release|Any CPU
		{98A5205C-1047-43BC-8D8F-9277709CA9A2}.TestIE|Mixed Platforms.ActiveCfg = Release|Any CPU
		{98A5205C-1047-43BC-8D8F-9277709CA9A2}.TestIE|Mixed Platforms.Build.0 = Release|Any CPU
		{98A5205C-1047-43BC-8D8F-9277709CA9A2}.TestIE|x64.ActiveCfg = Release|x64
		{98A5205C-1047-43BC-8D8F-9277709CA9A2}.TestIE|x64.Build.0 = Release|x64
		{98A5205C-1047-43BC-8D8F-9277709CA9A2}.TestIE|x86.ActiveCfg = Release|Any CPU
	EndGlobalSection
	GlobalSection(SolutionProperties) = preSolution
		HideSolutionNode = FALSE
	EndGlobalSection
EndGlobal
